
Microsoft Visual Studio Solution File, Format Version 12.00
# Visual Studio Version 17
VisualStudioVersion = 17.5.33530.505
MinimumVisualStudioVersion = 10.0.40219.1
Project("{FAE04EC0-301F-11D3-BF4B-00C04F79EFBC}") = "ResumeScreenerFunctionApp", "ResumeScreenerFunctionApp\ResumeScreenerFunctionApp.csproj", "{349F4E63-1535-4C77-8001-CAE22DEF6498}"
EndProject
Global
	GlobalSection(SolutionConfigurationPlatforms) = preSolution
		Debug|Any CPU = Debug|Any CPU
		Release|Any CPU = Release|Any CPU
	EndGlobalSection
	GlobalSection(ProjectConfigurationPlatforms) = postSolution
		{349F4E63-1535-4C77-8001-CAE22DEF6498}.Debug|Any CPU.ActiveCfg = Debug|Any CPU
		{349F4E63-1535-4C77-8001-CAE22DEF6498}.Debug|Any CPU.Build.0 = Debug|Any CPU
		{349F4E63-1535-4C77-8001-CAE22DEF6498}.Release|Any CPU.ActiveCfg = Release|Any CPU
		{349F4E63-1535-4C77-8001-CAE22DEF6498}.Release|Any CPU.Build.0 = Release|Any CPU
	EndGlobalSection
	GlobalSection(SolutionProperties) = preSolution
		HideSolutionNode = FALSE
	EndGlobalSection
	GlobalSection(ExtensibilityGlobals) = postSolution
		SolutionGuid = {DC1DD1AE-FB3E-43EC-A257-4408CBB35686}
	EndGlobalSection
EndGlobal
